
Microsoft Visual Studio Solution File, Format Version 12.00
# Visual Studio Version 16
VisualStudioVersion = 16.0.30406.217
MinimumVisualStudioVersion = 10.0.40219.1
Project("{FAE04EC0-301F-11D3-BF4B-00C04F79EFBC}") = "SuperApp", "SuperApp\SuperApp.csproj", "{CF9A3DEF-4201-40EE-9DEE-DA5F70697468}"
EndProject
Global
	GlobalSection(SolutionConfigurationPlatforms) = preSolution
		Debug|Any CPU = Debug|Any CPU
		Release|Any CPU = Release|Any CPU
	EndGlobalSection
	GlobalSection(ProjectConfigurationPlatforms) = postSolution
		{CF9A3DEF-4201-40EE-9DEE-DA5F70697468}.Debug|Any CPU.ActiveCfg = Debug|Any CPU
		{CF9A3DEF-4201-40EE-9DEE-DA5F70697468}.Debug|Any CPU.Build.0 = Debug|Any CPU
		{CF9A3DEF-4201-40EE-9DEE-DA5F70697468}.Release|Any CPU.ActiveCfg = Release|Any CPU
		{CF9A3DEF-4201-40EE-9DEE-DA5F70697468}.Release|Any CPU.Build.0 = Release|Any CPU
	EndGlobalSection
	GlobalSection(SolutionProperties) = preSolution
		HideSolutionNode = FALSE
	EndGlobalSection
	GlobalSection(ExtensibilityGlobals) = postSolution
		SolutionGuid = {5EFE953B-CB96-468F-8099-EE0D245BE1AE}
	EndGlobalSection
EndGlobal
